// !$*UTF8*$!
{
	archiveVersion = 1;
	classes = {
	};
	objectVersion = 48;
	objects = {

/* Begin PBXBuildFile section */
		1DE7FE7A896F84D4F757F8E0 /* Pods_MeasureIt.framework in Frameworks */ = {isa = PBXBuildFile; fileRef = FE11D0CC24FD678FCFE07149 /* Pods_MeasureIt.framework */; };
		8408FF011FD00B8E00F9BEDE /* AppDelegate.swift in Sources */ = {isa = PBXBuildFile; fileRef = 8408FF001FD00B8E00F9BEDE /* AppDelegate.swift */; };
		8408FF031FD00B8E00F9BEDE /* ViewController.swift in Sources */ = {isa = PBXBuildFile; fileRef = 8408FF021FD00B8E00F9BEDE /* ViewController.swift */; };
		8408FF061FD00B8E00F9BEDE /* Main.storyboard in Resources */ = {isa = PBXBuildFile; fileRef = 8408FF041FD00B8E00F9BEDE /* Main.storyboard */; };
		8408FF081FD00B8E00F9BEDE /* Assets.xcassets in Resources */ = {isa = PBXBuildFile; fileRef = 8408FF071FD00B8E00F9BEDE /* Assets.xcassets */; };
		8408FF0B1FD00B8E00F9BEDE /* LaunchScreen.storyboard in Resources */ = {isa = PBXBuildFile; fileRef = 8408FF091FD00B8E00F9BEDE /* LaunchScreen.storyboard */; };
/* End PBXBuildFile section */

/* Begin PBXFileReference section */
		5D31933C1985B83882640DDF /* Pods-MeasureIt.release.xcconfig */ = {isa = PBXFileReference; includeInIndex = 1; lastKnownFileType = text.xcconfig; name = "Pods-MeasureIt.release.xcconfig"; path = "Pods/Target Support Files/Pods-MeasureIt/Pods-MeasureIt.release.xcconfig"; sourceTree = "<group>"; };
		8408FEFD1FD00B8E00F9BEDE /* MeasureIt.app */ = {isa = PBXFileReference; explicitFileType = wrapper.application; includeInIndex = 0; path = MeasureIt.app; sourceTree = BUILT_PRODUCTS_DIR; };
		8408FF001FD00B8E00F9BEDE /* AppDelegate.swift */ = {isa = PBXFileReference; lastKnownFileType = sourcecode.swift; path = AppDelegate.swift; sourceTree = "<group>"; };
		8408FF021FD00B8E00F9BEDE /* ViewController.swift */ = {isa = PBXFileReference; lastKnownFileType = sourcecode.swift; path = ViewController.swift; sourceTree = "<group>"; };
		8408FF051FD00B8E00F9BEDE /* Base */ = {isa = PBXFileReference; lastKnownFileType = file.storyboard; name = Base; path = Base.lproj/Main.storyboard; sourceTree = "<group>"; };
		8408FF071FD00B8E00F9BEDE /* Assets.xcassets */ = {isa = PBXFileReference; lastKnownFileType = folder.assetcatalog; path = Assets.xcassets; sourceTree = "<group>"; };
		8408FF0A1FD00B8E00F9BEDE /* Base */ = {isa = PBXFileReference; lastKnownFileType = file.storyboard; name = Base; path = Base.lproj/LaunchScreen.storyboard; sourceTree = "<group>"; };
		8408FF0C1FD00B8E00F9BEDE /* Info.plist */ = {isa = PBXFileReference; lastKnownFileType = text.plist.xml; path = Info.plist; sourceTree = "<group>"; };
		91D3F52E35E59565782E5DCA /* Pods-MeasureIt.debug.xcconfig */ = {isa = PBXFileReference; includeInIndex = 1; lastKnownFileType = text.xcconfig; name = "Pods-MeasureIt.debug.xcconfig"; path = "Pods/Target Support Files/Pods-MeasureIt/Pods-MeasureIt.debug.xcconfig"; sourceTree = "<group>"; };
		FE11D0CC24FD678FCFE07149 /* Pods_MeasureIt.framework */ = {isa = PBXFileReference; explicitFileType = wrapper.framework; includeInIndex = 0; path = Pods_MeasureIt.framework; sourceTree = BUILT_PRODUCTS_DIR; };
/* End PBXFileReference section */

/* Begin PBXFrameworksBuildPhase section */
		8408FEFA1FD00B8E00F9BEDE /* Frameworks */ = {
			isa = PBXFrameworksBuildPhase;
			buildActionMask = 2147483647;
			files = (
				1DE7FE7A896F84D4F757F8E0 /* Pods_MeasureIt.framework in Frameworks */,
			);
			runOnlyForDeploymentPostprocessing = 0;
		};
/* End PBXFrameworksBuildPhase section */

/* Begin PBXGroup section */
		6D3FD347798F8CB2B0630406 /* Pods */ = {
			isa = PBXGroup;
			children = (
				91D3F52E35E59565782E5DCA /* Pods-MeasureIt.debug.xcconfig */,
				5D31933C1985B83882640DDF /* Pods-MeasureIt.release.xcconfig */,
			);
			name = Pods;
			sourceTree = "<group>";
		};
		8408FEF41FD00B8E00F9BEDE = {
			isa = PBXGroup;
			children = (
				8408FEFF1FD00B8E00F9BEDE /* MeasureIt */,
				8408FEFE1FD00B8E00F9BEDE /* Products */,
				6D3FD347798F8CB2B0630406 /* Pods */,
				A0BBA727F6D29C4A9FA882D9 /* Frameworks */,
			);
			sourceTree = "<group>";
		};
		8408FEFE1FD00B8E00F9BEDE /* Products */ = {
			isa = PBXGroup;
			children = (
				8408FEFD1FD00B8E00F9BEDE /* MeasureIt.app */,
			);
			name = Products;
			sourceTree = "<group>";
		};
		8408FEFF1FD00B8E00F9BEDE /* MeasureIt */ = {
			isa = PBXGroup;
			children = (
				8408FF001FD00B8E00F9BEDE /* AppDelegate.swift */,
				8408FF021FD00B8E00F9BEDE /* ViewController.swift */,
				8408FF041FD00B8E00F9BEDE /* Main.storyboard */,
				8408FF071FD00B8E00F9BEDE /* Assets.xcassets */,
				8408FF091FD00B8E00F9BEDE /* LaunchScreen.storyboard */,
				8408FF0C1FD00B8E00F9BEDE /* Info.plist */,
			);
			path = MeasureIt;
			sourceTree = "<group>";
		};
		A0BBA727F6D29C4A9FA882D9 /* Frameworks */ = {
			isa = PBXGroup;
			children = (
				FE11D0CC24FD678FCFE07149 /* Pods_MeasureIt.framework */,
			);
			name = Frameworks;
			sourceTree = "<group>";
		};
/* End PBXGroup section */

/* Begin PBXNativeTarget section */
		8408FEFC1FD00B8E00F9BEDE /* MeasureIt */ = {
			isa = PBXNativeTarget;
			buildConfigurationList = 8408FF0F1FD00B8E00F9BEDE /* Build configuration list for PBXNativeTarget "MeasureIt" */;
			buildPhases = (
				937D7A6ADB6C016F8C7197F2 /* [CP] Check Pods Manifest.lock */,
				8408FEF91FD00B8E00F9BEDE /* Sources */,
				8408FEFA1FD00B8E00F9BEDE /* Frameworks */,
				8408FEFB1FD00B8E00F9BEDE /* Resources */,
				9B16508BB80C959E51D2E7F0 /* [CP] Embed Pods Frameworks */,
				0323A0E8E94ABE293D165AC5 /* [CP] Copy Pods Resources */,
			);
			buildRules = (
			);
			dependencies = (
			);
			name = MeasureIt;
			productName = MeasureIt;
			productReference = 8408FEFD1FD00B8E00F9BEDE /* MeasureIt.app */;
			productType = "com.apple.product-type.application";
		};
/* End PBXNativeTarget section */

/* Begin PBXProject section */
		8408FEF51FD00B8E00F9BEDE /* Project object */ = {
			isa = PBXProject;
			attributes = {
				LastSwiftUpdateCheck = 0900;
				LastUpgradeCheck = 0900;
				ORGANIZATIONNAME = admin;
				TargetAttributes = {
					8408FEFC1FD00B8E00F9BEDE = {
						CreatedOnToolsVersion = 9.0;
						ProvisioningStyle = Automatic;
					};
				};
			};
			buildConfigurationList = 8408FEF81FD00B8E00F9BEDE /* Build configuration list for PBXProject "MeasureIt" */;
			compatibilityVersion = "Xcode 8.0";
			developmentRegion = en;
			hasScannedForEncodings = 0;
			knownRegions = (
				en,
				Base,
			);
			mainGroup = 8408FEF41FD00B8E00F9BEDE;
			productRefGroup = 8408FEFE1FD00B8E00F9BEDE /* Products */;
			projectDirPath = "";
			projectRoot = "";
			targets = (
				8408FEFC1FD00B8E00F9BEDE /* MeasureIt */,
			);
		};
/* End PBXProject section */

/* Begin PBXResourcesBuildPhase section */
		8408FEFB1FD00B8E00F9BEDE /* Resources */ = {
			isa = PBXResourcesBuildPhase;
			buildActionMask = 2147483647;
			files = (
				8408FF0B1FD00B8E00F9BEDE /* LaunchScreen.storyboard in Resources */,
				8408FF081FD00B8E00F9BEDE /* Assets.xcassets in Resources */,
				8408FF061FD00B8E00F9BEDE /* Main.storyboard in Resources */,
			);
			runOnlyForDeploymentPostprocessing = 0;
		};
/* End PBXResourcesBuildPhase section */

/* Begin PBXShellScriptBuildPhase section */
		0323A0E8E94ABE293D165AC5 /* [CP] Copy Pods Resources */ = {
			isa = PBXShellScriptBuildPhase;
			buildActionMask = 2147483647;
			files = (
			);
			inputPaths = (
			);
			name = "[CP] Copy Pods Resources";
			outputPaths = (
			);
			runOnlyForDeploymentPostprocessing = 0;
			shellPath = /bin/sh;
			shellScript = "\"${SRCROOT}/Pods/Target Support Files/Pods-MeasureIt/Pods-MeasureIt-resources.sh\"\n";
			showEnvVarsInLog = 0;
		};
		937D7A6ADB6C016F8C7197F2 /* [CP] Check Pods Manifest.lock */ = {
			isa = PBXShellScriptBuildPhase;
			buildActionMask = 2147483647;
			files = (
			);
			inputPaths = (
				"${PODS_PODFILE_DIR_PATH}/Podfile.lock",
				"${PODS_ROOT}/Manifest.lock",
			);
			name = "[CP] Check Pods Manifest.lock";
			outputPaths = (
				"$(DERIVED_FILE_DIR)/Pods-MeasureIt-checkManifestLockResult.txt",
			);
			runOnlyForDeploymentPostprocessing = 0;
			shellPath = /bin/sh;
			shellScript = "diff \"${PODS_PODFILE_DIR_PATH}/Podfile.lock\" \"${PODS_ROOT}/Manifest.lock\" > /dev/null\nif [ $? != 0 ] ; then\n    # print error to STDERR\n    echo \"error: The sandbox is not in sync with the Podfile.lock. Run 'pod install' or update your CocoaPods installation.\" >&2\n    exit 1\nfi\n# This output is used by Xcode 'outputs' to avoid re-running this script phase.\necho \"SUCCESS\" > \"${SCRIPT_OUTPUT_FILE_0}\"\n";
			showEnvVarsInLog = 0;
		};
		9B16508BB80C959E51D2E7F0 /* [CP] Embed Pods Frameworks */ = {
			isa = PBXShellScriptBuildPhase;
			buildActionMask = 2147483647;
			files = (
			);
			inputPaths = (
				"${SRCROOT}/Pods/Target Support Files/Pods-MeasureIt/Pods-MeasureIt-frameworks.sh",
				"${BUILT_PRODUCTS_DIR}/PusherSwift/PusherSwift.framework",
			);
			name = "[CP] Embed Pods Frameworks";
			outputPaths = (
				"${TARGET_BUILD_DIR}/${FRAMEWORKS_FOLDER_PATH}/PusherSwift.framework",
			);
			runOnlyForDeploymentPostprocessing = 0;
			shellPath = /bin/sh;
			shellScript = "\"${SRCROOT}/Pods/Target Support Files/Pods-MeasureIt/Pods-MeasureIt-frameworks.sh\"\n";
			showEnvVarsInLog = 0;
		};
/* End PBXShellScriptBuildPhase section */

/* Begin PBXSourcesBuildPhase section */
		8408FEF91FD00B8E00F9BEDE /* Sources */ = {
			isa = PBXSourcesBuildPhase;
			buildActionMask = 2147483647;
			files = (
				8408FF031FD00B8E00F9BEDE /* ViewController.swift in Sources */,
				8408FF011FD00B8E00F9BEDE /* AppDelegate.swift in Sources */,
			);
			runOnlyForDeploymentPostprocessing = 0;
		};
/* End PBXSourcesBuildPhase section */

/* Begin PBXVariantGroup section */
		8408FF041FD00B8E00F9BEDE /* Main.storyboard */ = {
			isa = PBXVariantGroup;
			children = (
				8408FF051FD00B8E00F9BEDE /* Base */,
			);
			name = Main.storyboard;
			sourceTree = "<group>";
		};
		8408FF091FD00B8E00F9BEDE /* LaunchScreen.storyboard */ = {
			isa = PBXVariantGroup;
			children = (
				8408FF0A1FD00B8E00F9BEDE /* Base */,
			);
			name = LaunchScreen.storyboard;
			sourceTree = "<group>";
		};
/* End PBXVariantGroup section */

/* Begin XCBuildConfiguration section */
		8408FF0D1FD00B8E00F9BEDE /* Debug */ = {
			isa = XCBuildConfiguration;
			buildSettings = {
				ALWAYS_SEARCH_USER_PATHS = NO;
				CLANG_ANALYZER_NONNULL = YES;
				CLANG_ANALYZER_NUMBER_OBJECT_CONVERSION = YES_AGGRESSIVE;
				CLANG_CXX_LANGUAGE_STANDARD = "gnu++14";
				CLANG_CXX_LIBRARY = "libc++";
				CLANG_ENABLE_MODULES = YES;
				CLANG_ENABLE_OBJC_ARC = YES;
				CLANG_WARN_BLOCK_CAPTURE_AUTORELEASING = YES;
				CLANG_WARN_BOOL_CONVERSION = YES;
				CLANG_WARN_COMMA = YES;
				CLANG_WARN_CONSTANT_CONVERSION = YES;
				CLANG_WARN_DIRECT_OBJC_ISA_USAGE = YES_ERROR;
				CLANG_WARN_DOCUMENTATION_COMMENTS = YES;
				CLANG_WARN_EMPTY_BODY = YES;
				CLANG_WARN_ENUM_CONVERSION = YES;
				CLANG_WARN_INFINITE_RECURSION = YES;
				CLANG_WARN_INT_CONVERSION = YES;
				CLANG_WARN_NON_LITERAL_NULL_CONVERSION = YES;
				CLANG_WARN_OBJC_LITERAL_CONVERSION = YES;
				CLANG_WARN_OBJC_ROOT_CLASS = YES_ERROR;
				CLANG_WARN_RANGE_LOOP_ANALYSIS = YES;
				CLANG_WARN_STRICT_PROTOTYPES = YES;
				CLANG_WARN_SUSPICIOUS_MOVE = YES;
				CLANG_WARN_UNGUARDED_AVAILABILITY = YES_AGGRESSIVE;
				CLANG_WARN_UNREACHABLE_CODE = YES;
				CLANG_WARN__DUPLICATE_METHOD_MATCH = YES;
				CODE_SIGN_IDENTITY = "iPhone Developer";
				COPY_PHASE_STRIP = NO;
				DEBUG_INFORMATION_FORMAT = dwarf;
				ENABLE_STRICT_OBJC_MSGSEND = YES;
				ENABLE_TESTABILITY = YES;
				GCC_C_LANGUAGE_STANDARD = gnu11;
				GCC_DYNAMIC_NO_PIC = NO;
				GCC_NO_COMMON_BLOCKS = YES;
				GCC_OPTIMIZATION_LEVEL = 0;
				GCC_PREPROCESSOR_DEFINITIONS = (
					"DEBUG=1",
					"$(inherited)",
				);
				GCC_WARN_64_TO_32_BIT_CONVERSION = YES;
				GCC_WARN_ABOUT_RETURN_TYPE = YES_ERROR;
				GCC_WARN_UNDECLARED_SELECTOR = YES;
				GCC_WARN_UNINITIALIZED_AUTOS = YES_AGGRESSIVE;
				GCC_WARN_UNUSED_FUNCTION = YES;
				GCC_WARN_UNUSED_VARIABLE = YES;
				IPHONEOS_DEPLOYMENT_TARGET = 11.0;
				MTL_ENABLE_DEBUG_INFO = YES;
				ONLY_ACTIVE_ARCH = YES;
				SDKROOT = iphoneos;
				SWIFT_ACTIVE_COMPILATION_CONDITIONS = DEBUG;
				SWIFT_OPTIMIZATION_LEVEL = "-Onone";
			};
			name = Debug;
		};
		8408FF0E1FD00B8E00F9BEDE /* Release */ = {
			isa = XCBuildConfiguration;
			buildSettings = {
				ALWAYS_SEARCH_USER_PATHS = NO;
				CLANG_ANALYZER_NONNULL = YES;
				CLANG_ANALYZER_NUMBER_OBJECT_CONVERSION = YES_AGGRESSIVE;
				CLANG_CXX_LANGUAGE_STANDARD = "gnu++14";
				CLANG_CXX_LIBRARY = "libc++";
				CLANG_ENABLE_MODULES = YES;
				CLANG_ENABLE_OBJC_ARC = YES;
				CLANG_WARN_BLOCK_CAPTURE_AUTORELEASING = YES;
				CLANG_WARN_BOOL_CONVERSION = YES;
				CLANG_WARN_COMMA = YES;
				CLANG_WARN_CONSTANT_CONVERSION = YES;
				CLANG_WARN_DIRECT_OBJC_ISA_USAGE = YES_ERROR;
				CLANG_WARN_DOCUMENTATION_COMMENTS = YES;
				CLANG_WARN_EMPTY_BODY = YES;
				CLANG_WARN_ENUM_CONVERSION = YES;
				CLANG_WARN_INFINITE_RECURSION = YES;
				CLANG_WARN_INT_CONVERSION = YES;
				CLANG_WARN_NON_LITERAL_NULL_CONVERSION = YES;
				CLANG_WARN_OBJC_LITERAL_CONVERSION = YES;
				CLANG_WARN_OBJC_ROOT_CLASS = YES_ERROR;
				CLANG_WARN_RANGE_LOOP_ANALYSIS = YES;
				CLANG_WARN_STRICT_PROTOTYPES = YES;
				CLANG_WARN_SUSPICIOUS_MOVE = YES;
				CLANG_WARN_UNGUARDED_AVAILABILITY = YES_AGGRESSIVE;
				CLANG_WARN_UNREACHABLE_CODE = YES;
				CLANG_WARN__DUPLICATE_METHOD_MATCH = YES;
				CODE_SIGN_IDENTITY = "iPhone Developer";
				COPY_PHASE_STRIP = NO;
				DEBUG_INFORMATION_FORMAT = "dwarf-with-dsym";
				ENABLE_NS_ASSERTIONS = NO;
				ENABLE_STRICT_OBJC_MSGSEND = YES;
				GCC_C_LANGUAGE_STANDARD = gnu11;
				GCC_NO_COMMON_BLOCKS = YES;
				GCC_WARN_64_TO_32_BIT_CONVERSION = YES;
				GCC_WARN_ABOUT_RETURN_TYPE = YES_ERROR;
				GCC_WARN_UNDECLARED_SELECTOR = YES;
				GCC_WARN_UNINITIALIZED_AUTOS = YES_AGGRESSIVE;
				GCC_WARN_UNUSED_FUNCTION = YES;
				GCC_WARN_UNUSED_VARIABLE = YES;
				IPHONEOS_DEPLOYMENT_TARGET = 11.0;
				MTL_ENABLE_DEBUG_INFO = NO;
				SDKROOT = iphoneos;
				SWIFT_OPTIMIZATION_LEVEL = "-Owholemodule";
				VALIDATE_PRODUCT = YES;
			};
			name = Release;
		};
		8408FF101FD00B8E00F9BEDE /* Debug */ = {
			isa = XCBuildConfiguration;
			baseConfigurationReference = 91D3F52E35E59565782E5DCA /* Pods-MeasureIt.debug.xcconfig */;
			buildSettings = {
				ASSETCATALOG_COMPILER_APPICON_NAME = AppIcon;
				CODE_SIGN_STYLE = Automatic;
				DEVELOPMENT_TEAM = SUBZ24DP5B;
				INFOPLIST_FILE = MeasureIt/Info.plist;
				LD_RUNPATH_SEARCH_PATHS = "$(inherited) @executable_path/Frameworks";
				PRODUCT_BUNDLE_IDENTIFIER = com.panacloud.MeasureIt;
				PRODUCT_NAME = "$(TARGET_NAME)";
				SWIFT_VERSION = 4.0;
				TARGETED_DEVICE_FAMILY = "1,2";
			};
			name = Debug;
		};
		8408FF111FD00B8E00F9BEDE /* Release */ = {
			isa = XCBuildConfiguration;
			baseConfigurationReference = 5D31933C1985B83882640DDF /* Pods-MeasureIt.release.xcconfig */;
			buildSettings = {
				ASSETCATALOG_COMPILER_APPICON_NAME = AppIcon;
				CODE_SIGN_STYLE = Automatic;
				DEVELOPMENT_TEAM = SUBZ24DP5B;
				INFOPLIST_FILE = MeasureIt/Info.plist;
				LD_RUNPATH_SEARCH_PATHS = "$(inherited) @executable_path/Frameworks";
				PRODUCT_BUNDLE_IDENTIFIER = com.panacloud.MeasureIt;
				PRODUCT_NAME = "$(TARGET_NAME)";
				SWIFT_VERSION = 4.0;
				TARGETED_DEVICE_FAMILY = "1,2";
			};
			name = Release;
		};
/* End XCBuildConfiguration section */

/* Begin XCConfigurationList section */
		8408FEF81FD00B8E00F9BEDE /* Build configuration list for PBXProject "MeasureIt" */ = {
			isa = XCConfigurationList;
			buildConfigurations = (
				8408FF0D1FD00B8E00F9BEDE /* Debug */,
				8408FF0E1FD00B8E00F9BEDE /* Release */,
			);
			defaultConfigurationIsVisible = 0;
			defaultConfigurationName = Release;
		};
		8408FF0F1FD00B8E00F9BEDE /* Build configuration list for PBXNativeTarget "MeasureIt" */ = {
			isa = XCConfigurationList;
			buildConfigurations = (
				8408FF101FD00B8E00F9BEDE /* Debug */,
				8408FF111FD00B8E00F9BEDE /* Release */,
			);
			defaultConfigurationIsVisible = 0;
			defaultConfigurationName = Release;
		};
/* End XCConfigurationList section */
	};
	rootObject = 8408FEF51FD00B8E00F9BEDE /* Project object */;
}
